// !$*UTF8*$!
{
	archiveVersion = 1;
	classes = {
	};
	objectVersion = 46;
	objects = {

/* Begin PBXBuildFile section */
		162AD98E201583BF0020B15B /* UIColor+RT.m in Sources */ = {isa = PBXBuildFile; fileRef = 162AD98C201583BF0020B15B /* UIColor+RT.m */; };
		162AD98F201583BF0020B15B /* UIFont+RT.m in Sources */ = {isa = PBXBuildFile; fileRef = 162AD98D201583BF0020B15B /* UIFont+RT.m */; };
		162AD992201584030020B15B /* CollectionViewExampleViewController.m in Sources */ = {isa = PBXBuildFile; fileRef = 162AD991201584030020B15B /* CollectionViewExampleViewController.m */; };
		162AD995201584330020B15B /* AJKPeopleTagCell.m in Sources */ = {isa = PBXBuildFile; fileRef = 162AD994201584330020B15B /* AJKPeopleTagCell.m */; };
		162AD998201584B30020B15B /* AJKSubregionEvaluationCell.m in Sources */ = {isa = PBXBuildFile; fileRef = 162AD997201584B30020B15B /* AJKSubregionEvaluationCell.m */; };
		1641B8591FCD2F8600A46AFB /* RFNetworkManager.m in Sources */ = {isa = PBXBuildFile; fileRef = 1641B8581FCD2F8600A46AFB /* RFNetworkManager.m */; };
		1641B85D1FCD40FB00A46AFB /* NSString+RFNetworking.m in Sources */ = {isa = PBXBuildFile; fileRef = 1641B85C1FCD40FB00A46AFB /* NSString+RFNetworking.m */; };
		1641B8601FCD424000A46AFB /* RFNetworkTask.m in Sources */ = {isa = PBXBuildFile; fileRef = 1641B85F1FCD424000A46AFB /* RFNetworkTask.m */; };
		164D38931FCFD3AB00C886CF /* RFTableViewController.m in Sources */ = {isa = PBXBuildFile; fileRef = 164D38921FCFD3AB00C886CF /* RFTableViewController.m */; };
		164D38991FCFDB9E00C886CF /* RFTableModel.m in Sources */ = {isa = PBXBuildFile; fileRef = 164D38981FCFDB9E00C886CF /* RFTableModel.m */; };
		164D389C1FD0276A00C886CF /* UIWindow+FLEX.m in Sources */ = {isa = PBXBuildFile; fileRef = 164D389B1FD0276A00C886CF /* UIWindow+FLEX.m */; };
		167F4E501FE7D7820020C394 /* UIViewController+CRFNetworking.m in Sources */ = {isa = PBXBuildFile; fileRef = 167F4E4F1FE7D7820020C394 /* UIViewController+CRFNetworking.m */; };
		168A0DE22015C0680020A8C0 /* AIFMasonryMacro.m in Sources */ = {isa = PBXBuildFile; fileRef = 168A0DE12015C0680020A8C0 /* AIFMasonryMacro.m */; };
		16D1F10E20440EA100A51709 /* NotificationService.m in Sources */ = {isa = PBXBuildFile; fileRef = 16D1F10D20440EA100A51709 /* NotificationService.m */; };
		16D1F11220440EA100A51709 /* notify.appex in Embed App Extensions */ = {isa = PBXBuildFile; fileRef = 16D1F10A20440EA100A51709 /* notify.appex */; settings = {ATTRIBUTES = (RemoveHeadersOnCopy, ); }; };
		16FB953D1FF10E93002866C9 /* UIView+RFCorner.m in Sources */ = {isa = PBXBuildFile; fileRef = 16FB953C1FF10E93002866C9 /* UIView+RFCorner.m */; };
		16FB95401FF11165002866C9 /* UIView+RFLayout.m in Sources */ = {isa = PBXBuildFile; fileRef = 16FB953F1FF11165002866C9 /* UIView+RFLayout.m */; };
		16FB955E1FF231D3002866C9 /* UIView+Yoga.m in Sources */ = {isa = PBXBuildFile; fileRef = 16FB955A1FF231D3002866C9 /* UIView+Yoga.m */; };
		16FB955F1FF231D3002866C9 /* YGLayout.m in Sources */ = {isa = PBXBuildFile; fileRef = 16FB955D1FF231D3002866C9 /* YGLayout.m */; };
		16FB95651FF2418C002866C9 /* example.jpg in Resources */ = {isa = PBXBuildFile; fileRef = 16FB95641FF2418B002866C9 /* example.jpg */; };
		16FB95681FF33E3A002866C9 /* CRFClientInfo.m in Sources */ = {isa = PBXBuildFile; fileRef = 16FB95671FF33E3A002866C9 /* CRFClientInfo.m */; };
		16FB956B1FF3B3B6002866C9 /* CRFTokenUtil.m in Sources */ = {isa = PBXBuildFile; fileRef = 16FB956A1FF3B3B6002866C9 /* CRFTokenUtil.m */; };
		16FB956E1FF3B5CB002866C9 /* CRFTokenModel.m in Sources */ = {isa = PBXBuildFile; fileRef = 16FB956D1FF3B5CB002866C9 /* CRFTokenModel.m */; };
		16FB95751FF5E946002866C9 /* NetworkExampleViewController.m in Sources */ = {isa = PBXBuildFile; fileRef = 16FB95711FF5E946002866C9 /* NetworkExampleViewController.m */; };
		16FB95761FF5E946002866C9 /* TakeScreenShotViewController.m in Sources */ = {isa = PBXBuildFile; fileRef = 16FB95731FF5E946002866C9 /* TakeScreenShotViewController.m */; };
		16FB95791FF5E96E002866C9 /* RIFScreenShotActionView.m in Sources */ = {isa = PBXBuildFile; fileRef = 16FB95781FF5E96E002866C9 /* RIFScreenShotActionView.m */; };
		1828CE471FFC7682004646E8 /* RFScreen.m in Sources */ = {isa = PBXBuildFile; fileRef = 1828CE461FFC7682004646E8 /* RFScreen.m */; };
		188744171FFB52A200558889 /* FlexBoxViewController.m in Sources */ = {isa = PBXBuildFile; fileRef = 188744161FFB52A200558889 /* FlexBoxViewController.m */; };
		18B5CAF81EC73869008BBA18 /* main.m in Sources */ = {isa = PBXBuildFile; fileRef = 18B5CAF71EC73869008BBA18 /* main.m */; };
		18B5CAFB1EC73869008BBA18 /* AppDelegate.m in Sources */ = {isa = PBXBuildFile; fileRef = 18B5CAFA1EC73869008BBA18 /* AppDelegate.m */; };
		18B5CB031EC73869008BBA18 /* Assets.xcassets in Resources */ = {isa = PBXBuildFile; fileRef = 18B5CB021EC73869008BBA18 /* Assets.xcassets */; };
		CAFAAC2D0A5E8D7F256317BB /* Pods_demo.framework in Frameworks */ = {isa = PBXBuildFile; fileRef = 26C78FAC7D2F65CF3AC4FA31 /* Pods_demo.framework */; };
		DB6689A92050207700497BAF /* DCollectionViewController.m in Sources */ = {isa = PBXBuildFile; fileRef = DB6689A82050207700497BAF /* DCollectionViewController.m */; };
		DB71705420502C4E00B194E2 /* DCollectionViewCell.m in Sources */ = {isa = PBXBuildFile; fileRef = DB71705320502C4E00B194E2 /* DCollectionViewCell.m */; };
/* End PBXBuildFile section */

/* Begin PBXContainerItemProxy section */
		16D1F11020440EA100A51709 /* PBXContainerItemProxy */ = {
			isa = PBXContainerItemProxy;
			containerPortal = 18B5CAEB1EC73869008BBA18 /* Project object */;
			proxyType = 1;
			remoteGlobalIDString = 16D1F10920440EA100A51709;
			remoteInfo = notify;
		};
/* End PBXContainerItemProxy section */

/* Begin PBXCopyFilesBuildPhase section */
		16D1F1052043EEE000A51709 /* Embed App Extensions */ = {
			isa = PBXCopyFilesBuildPhase;
			buildActionMask = 2147483647;
			dstPath = "";
			dstSubfolderSpec = 13;
			files = (
				16D1F11220440EA100A51709 /* notify.appex in Embed App Extensions */,
			);
			name = "Embed App Extensions";
			runOnlyForDeploymentPostprocessing = 0;
		};
/* End PBXCopyFilesBuildPhase section */

/* Begin PBXFileReference section */
		162AD98A201583BE0020B15B /* UIFont+RT.h */ = {isa = PBXFileReference; fileEncoding = 4; lastKnownFileType = sourcecode.c.h; path = "UIFont+RT.h"; sourceTree = "<group>"; };
		162AD98B201583BF0020B15B /* UIColor+RT.h */ = {isa = PBXFileReference; fileEncoding = 4; lastKnownFileType = sourcecode.c.h; path = "UIColor+RT.h"; sourceTree = "<group>"; };
		162AD98C201583BF0020B15B /* UIColor+RT.m */ = {isa = PBXFileReference; fileEncoding = 4; lastKnownFileType = sourcecode.c.objc; path = "UIColor+RT.m"; sourceTree = "<group>"; };
		162AD98D201583BF0020B15B /* UIFont+RT.m */ = {isa = PBXFileReference; fileEncoding = 4; lastKnownFileType = sourcecode.c.objc; path = "UIFont+RT.m"; sourceTree = "<group>"; };
		162AD990201584030020B15B /* CollectionViewExampleViewController.h */ = {isa = PBXFileReference; lastKnownFileType = sourcecode.c.h; path = CollectionViewExampleViewController.h; sourceTree = "<group>"; };
		162AD991201584030020B15B /* CollectionViewExampleViewController.m */ = {isa = PBXFileReference; lastKnownFileType = sourcecode.c.objc; path = CollectionViewExampleViewController.m; sourceTree = "<group>"; };
		162AD993201584330020B15B /* AJKPeopleTagCell.h */ = {isa = PBXFileReference; lastKnownFileType = sourcecode.c.h; path = AJKPeopleTagCell.h; sourceTree = "<group>"; };
		162AD994201584330020B15B /* AJKPeopleTagCell.m */ = {isa = PBXFileReference; lastKnownFileType = sourcecode.c.objc; path = AJKPeopleTagCell.m; sourceTree = "<group>"; };
		162AD996201584B30020B15B /* AJKSubregionEvaluationCell.h */ = {isa = PBXFileReference; lastKnownFileType = sourcecode.c.h; path = AJKSubregionEvaluationCell.h; sourceTree = "<group>"; };
		162AD997201584B30020B15B /* AJKSubregionEvaluationCell.m */ = {isa = PBXFileReference; lastKnownFileType = sourcecode.c.objc; path = AJKSubregionEvaluationCell.m; sourceTree = "<group>"; };
		1641B8541FCD2ECB00A46AFB /* RFNetworking.h */ = {isa = PBXFileReference; lastKnownFileType = sourcecode.c.h; path = RFNetworking.h; sourceTree = "<group>"; };
		1641B8571FCD2F8600A46AFB /* RFNetworkManager.h */ = {isa = PBXFileReference; lastKnownFileType = sourcecode.c.h; path = RFNetworkManager.h; sourceTree = "<group>"; };
		1641B8581FCD2F8600A46AFB /* RFNetworkManager.m */ = {isa = PBXFileReference; lastKnownFileType = sourcecode.c.objc; path = RFNetworkManager.m; sourceTree = "<group>"; };
		1641B85A1FCD2FA900A46AFB /* RFNetworkingMacros.h */ = {isa = PBXFileReference; lastKnownFileType = sourcecode.c.h; path = RFNetworkingMacros.h; sourceTree = "<group>"; };
		1641B85B1FCD40FB00A46AFB /* NSString+RFNetworking.h */ = {isa = PBXFileReference; lastKnownFileType = sourcecode.c.h; path = "NSString+RFNetworking.h"; sourceTree = "<group>"; };
		1641B85C1FCD40FB00A46AFB /* NSString+RFNetworking.m */ = {isa = PBXFileReference; lastKnownFileType = sourcecode.c.objc; path = "NSString+RFNetworking.m"; sourceTree = "<group>"; };
		1641B85E1FCD424000A46AFB /* RFNetworkTask.h */ = {isa = PBXFileReference; lastKnownFileType = sourcecode.c.h; path = RFNetworkTask.h; sourceTree = "<group>"; };
		1641B85F1FCD424000A46AFB /* RFNetworkTask.m */ = {isa = PBXFileReference; lastKnownFileType = sourcecode.c.objc; path = RFNetworkTask.m; sourceTree = "<group>"; };
		164D388A1FCFD23B00C886CF /* demo-pch.h */ = {isa = PBXFileReference; lastKnownFileType = sourcecode.c.h; path = "demo-pch.h"; sourceTree = "<group>"; };
		164D38911FCFD3AB00C886CF /* RFTableViewController.h */ = {isa = PBXFileReference; lastKnownFileType = sourcecode.c.h; path = RFTableViewController.h; sourceTree = "<group>"; };
		164D38921FCFD3AB00C886CF /* RFTableViewController.m */ = {isa = PBXFileReference; lastKnownFileType = sourcecode.c.objc; path = RFTableViewController.m; sourceTree = "<group>"; };
		164D38971FCFDB9E00C886CF /* RFTableModel.h */ = {isa = PBXFileReference; lastKnownFileType = sourcecode.c.h; path = RFTableModel.h; sourceTree = "<group>"; };
		164D38981FCFDB9E00C886CF /* RFTableModel.m */ = {isa = PBXFileReference; lastKnownFileType = sourcecode.c.objc; path = RFTableModel.m; sourceTree = "<group>"; };
		164D389A1FD0276A00C886CF /* UIWindow+FLEX.h */ = {isa = PBXFileReference; lastKnownFileType = sourcecode.c.h; path = "UIWindow+FLEX.h"; sourceTree = "<group>"; };
		164D389B1FD0276A00C886CF /* UIWindow+FLEX.m */ = {isa = PBXFileReference; lastKnownFileType = sourcecode.c.objc; path = "UIWindow+FLEX.m"; sourceTree = "<group>"; };
		167F4E4E1FE7D7820020C394 /* UIViewController+CRFNetworking.h */ = {isa = PBXFileReference; lastKnownFileType = sourcecode.c.h; path = "UIViewController+CRFNetworking.h"; sourceTree = "<group>"; };
		167F4E4F1FE7D7820020C394 /* UIViewController+CRFNetworking.m */ = {isa = PBXFileReference; lastKnownFileType = sourcecode.c.objc; path = "UIViewController+CRFNetworking.m"; sourceTree = "<group>"; };
		168A0DE02015C0680020A8C0 /* AIFMasonryMacro.h */ = {isa = PBXFileReference; fileEncoding = 4; lastKnownFileType = sourcecode.c.h; path = AIFMasonryMacro.h; sourceTree = "<group>"; };
		168A0DE12015C0680020A8C0 /* AIFMasonryMacro.m */ = {isa = PBXFileReference; fileEncoding = 4; lastKnownFileType = sourcecode.c.objc; path = AIFMasonryMacro.m; sourceTree = "<group>"; };
		16D1F0F42043EC6C00A51709 /* demo.entitlements */ = {isa = PBXFileReference; lastKnownFileType = text.plist.entitlements; name = demo.entitlements; path = demo/demo.entitlements; sourceTree = "<group>"; };
		16D1F10A20440EA100A51709 /* notify.appex */ = {isa = PBXFileReference; explicitFileType = "wrapper.app-extension"; includeInIndex = 0; path = notify.appex; sourceTree = BUILT_PRODUCTS_DIR; };
		16D1F10C20440EA100A51709 /* NotificationService.h */ = {isa = PBXFileReference; lastKnownFileType = sourcecode.c.h; path = NotificationService.h; sourceTree = "<group>"; };
		16D1F10D20440EA100A51709 /* NotificationService.m */ = {isa = PBXFileReference; lastKnownFileType = sourcecode.c.objc; path = NotificationService.m; sourceTree = "<group>"; };
		16D1F10F20440EA100A51709 /* Info.plist */ = {isa = PBXFileReference; lastKnownFileType = text.plist.xml; path = Info.plist; sourceTree = "<group>"; };
		16FB953B1FF10E93002866C9 /* UIView+RFCorner.h */ = {isa = PBXFileReference; lastKnownFileType = sourcecode.c.h; path = "UIView+RFCorner.h"; sourceTree = "<group>"; };
		16FB953C1FF10E93002866C9 /* UIView+RFCorner.m */ = {isa = PBXFileReference; lastKnownFileType = sourcecode.c.objc; path = "UIView+RFCorner.m"; sourceTree = "<group>"; };
		16FB953E1FF11165002866C9 /* UIView+RFLayout.h */ = {isa = PBXFileReference; lastKnownFileType = sourcecode.c.h; path = "UIView+RFLayout.h"; sourceTree = "<group>"; };
		16FB953F1FF11165002866C9 /* UIView+RFLayout.m */ = {isa = PBXFileReference; lastKnownFileType = sourcecode.c.objc; path = "UIView+RFLayout.m"; sourceTree = "<group>"; };
		16FB95591FF231D3002866C9 /* UIView+Yoga.h */ = {isa = PBXFileReference; fileEncoding = 4; lastKnownFileType = sourcecode.c.h; path = "UIView+Yoga.h"; sourceTree = "<group>"; };
		16FB955A1FF231D3002866C9 /* UIView+Yoga.m */ = {isa = PBXFileReference; fileEncoding = 4; lastKnownFileType = sourcecode.c.objc; path = "UIView+Yoga.m"; sourceTree = "<group>"; };
		16FB955B1FF231D3002866C9 /* YGLayout+Private.h */ = {isa = PBXFileReference; fileEncoding = 4; lastKnownFileType = sourcecode.c.h; path = "YGLayout+Private.h"; sourceTree = "<group>"; };
		16FB955C1FF231D3002866C9 /* YGLayout.h */ = {isa = PBXFileReference; fileEncoding = 4; lastKnownFileType = sourcecode.c.h; path = YGLayout.h; sourceTree = "<group>"; };
		16FB955D1FF231D3002866C9 /* YGLayout.m */ = {isa = PBXFileReference; fileEncoding = 4; lastKnownFileType = sourcecode.c.objc; path = YGLayout.m; sourceTree = "<group>"; };
		16FB95641FF2418B002866C9 /* example.jpg */ = {isa = PBXFileReference; lastKnownFileType = image.jpeg; path = example.jpg; sourceTree = "<group>"; };
		16FB95661FF33E3A002866C9 /* CRFClientInfo.h */ = {isa = PBXFileReference; lastKnownFileType = sourcecode.c.h; path = CRFClientInfo.h; sourceTree = "<group>"; };
		16FB95671FF33E3A002866C9 /* CRFClientInfo.m */ = {isa = PBXFileReference; lastKnownFileType = sourcecode.c.objc; path = CRFClientInfo.m; sourceTree = "<group>"; };
		16FB95691FF3B3B6002866C9 /* CRFTokenUtil.h */ = {isa = PBXFileReference; lastKnownFileType = sourcecode.c.h; path = CRFTokenUtil.h; sourceTree = "<group>"; };
		16FB956A1FF3B3B6002866C9 /* CRFTokenUtil.m */ = {isa = PBXFileReference; lastKnownFileType = sourcecode.c.objc; path = CRFTokenUtil.m; sourceTree = "<group>"; };
		16FB956C1FF3B5CB002866C9 /* CRFTokenModel.h */ = {isa = PBXFileReference; lastKnownFileType = sourcecode.c.h; path = CRFTokenModel.h; sourceTree = "<group>"; };
		16FB956D1FF3B5CB002866C9 /* CRFTokenModel.m */ = {isa = PBXFileReference; lastKnownFileType = sourcecode.c.objc; path = CRFTokenModel.m; sourceTree = "<group>"; };
		16FB95701FF5E946002866C9 /* NetworkExampleViewController.h */ = {isa = PBXFileReference; fileEncoding = 4; lastKnownFileType = sourcecode.c.h; path = NetworkExampleViewController.h; sourceTree = "<group>"; };
		16FB95711FF5E946002866C9 /* NetworkExampleViewController.m */ = {isa = PBXFileReference; fileEncoding = 4; lastKnownFileType = sourcecode.c.objc; path = NetworkExampleViewController.m; sourceTree = "<group>"; };
		16FB95721FF5E946002866C9 /* TakeScreenShotViewController.h */ = {isa = PBXFileReference; fileEncoding = 4; lastKnownFileType = sourcecode.c.h; path = TakeScreenShotViewController.h; sourceTree = "<group>"; };
		16FB95731FF5E946002866C9 /* TakeScreenShotViewController.m */ = {isa = PBXFileReference; fileEncoding = 4; lastKnownFileType = sourcecode.c.objc; path = TakeScreenShotViewController.m; sourceTree = "<group>"; };
		16FB95771FF5E96E002866C9 /* RIFScreenShotActionView.h */ = {isa = PBXFileReference; lastKnownFileType = sourcecode.c.h; path = RIFScreenShotActionView.h; sourceTree = "<group>"; };
		16FB95781FF5E96E002866C9 /* RIFScreenShotActionView.m */ = {isa = PBXFileReference; lastKnownFileType = sourcecode.c.objc; path = RIFScreenShotActionView.m; sourceTree = "<group>"; };
		1828CE451FFC7682004646E8 /* RFScreen.h */ = {isa = PBXFileReference; lastKnownFileType = sourcecode.c.h; path = RFScreen.h; sourceTree = "<group>"; };
		1828CE461FFC7682004646E8 /* RFScreen.m */ = {isa = PBXFileReference; lastKnownFileType = sourcecode.c.objc; path = RFScreen.m; sourceTree = "<group>"; };
		188744151FFB52A200558889 /* FlexBoxViewController.h */ = {isa = PBXFileReference; lastKnownFileType = sourcecode.c.h; path = FlexBoxViewController.h; sourceTree = "<group>"; };
		188744161FFB52A200558889 /* FlexBoxViewController.m */ = {isa = PBXFileReference; lastKnownFileType = sourcecode.c.objc; path = FlexBoxViewController.m; sourceTree = "<group>"; };
		18B5CAF31EC73869008BBA18 /* demo.app */ = {isa = PBXFileReference; explicitFileType = wrapper.application; includeInIndex = 0; path = demo.app; sourceTree = BUILT_PRODUCTS_DIR; };
		18B5CAF71EC73869008BBA18 /* main.m */ = {isa = PBXFileReference; lastKnownFileType = sourcecode.c.objc; path = main.m; sourceTree = "<group>"; };
		18B5CAF91EC73869008BBA18 /* AppDelegate.h */ = {isa = PBXFileReference; lastKnownFileType = sourcecode.c.h; path = AppDelegate.h; sourceTree = "<group>"; };
		18B5CAFA1EC73869008BBA18 /* AppDelegate.m */ = {isa = PBXFileReference; lastKnownFileType = sourcecode.c.objc; path = AppDelegate.m; sourceTree = "<group>"; };
		18B5CB021EC73869008BBA18 /* Assets.xcassets */ = {isa = PBXFileReference; lastKnownFileType = folder.assetcatalog; path = Assets.xcassets; sourceTree = "<group>"; };
		18B5CB071EC73869008BBA18 /* Info.plist */ = {isa = PBXFileReference; lastKnownFileType = text.plist.xml; path = Info.plist; sourceTree = "<group>"; };
		26C78FAC7D2F65CF3AC4FA31 /* Pods_demo.framework */ = {isa = PBXFileReference; explicitFileType = wrapper.framework; includeInIndex = 0; path = Pods_demo.framework; sourceTree = BUILT_PRODUCTS_DIR; };
		3942A1DDF1D68C508C870464 /* Pods-demo.release.xcconfig */ = {isa = PBXFileReference; includeInIndex = 1; lastKnownFileType = text.xcconfig; name = "Pods-demo.release.xcconfig"; path = "Pods/Target Support Files/Pods-demo/Pods-demo.release.xcconfig"; sourceTree = "<group>"; };
		DB6689A72050207700497BAF /* DCollectionViewController.h */ = {isa = PBXFileReference; lastKnownFileType = sourcecode.c.h; path = DCollectionViewController.h; sourceTree = "<group>"; };
		DB6689A82050207700497BAF /* DCollectionViewController.m */ = {isa = PBXFileReference; lastKnownFileType = sourcecode.c.objc; path = DCollectionViewController.m; sourceTree = "<group>"; };
		DB71705220502C4E00B194E2 /* DCollectionViewCell.h */ = {isa = PBXFileReference; lastKnownFileType = sourcecode.c.h; path = DCollectionViewCell.h; sourceTree = "<group>"; };
		DB71705320502C4E00B194E2 /* DCollectionViewCell.m */ = {isa = PBXFileReference; lastKnownFileType = sourcecode.c.objc; path = DCollectionViewCell.m; sourceTree = "<group>"; };
		EB862823D1EF326D5E0EF047 /* Pods-demo.debug.xcconfig */ = {isa = PBXFileReference; includeInIndex = 1; lastKnownFileType = text.xcconfig; name = "Pods-demo.debug.xcconfig"; path = "Pods/Target Support Files/Pods-demo/Pods-demo.debug.xcconfig"; sourceTree = "<group>"; };
/* End PBXFileReference section */

/* Begin PBXFrameworksBuildPhase section */
		16D1F10720440EA100A51709 /* Frameworks */ = {
			isa = PBXFrameworksBuildPhase;
			buildActionMask = 2147483647;
			files = (
			);
			runOnlyForDeploymentPostprocessing = 0;
		};
		18B5CAF01EC73869008BBA18 /* Frameworks */ = {
			isa = PBXFrameworksBuildPhase;
			buildActionMask = 2147483647;
			files = (
				CAFAAC2D0A5E8D7F256317BB /* Pods_demo.framework in Frameworks */,
			);
			runOnlyForDeploymentPostprocessing = 0;
		};
/* End PBXFrameworksBuildPhase section */

/* Begin PBXGroup section */
		1641B8521FCD0DB000A46AFB /* networking */ = {
			isa = PBXGroup;
			children = (
				1641B8541FCD2ECB00A46AFB /* RFNetworking.h */,
				1641B85A1FCD2FA900A46AFB /* RFNetworkingMacros.h */,
				1641B85B1FCD40FB00A46AFB /* NSString+RFNetworking.h */,
				1641B85C1FCD40FB00A46AFB /* NSString+RFNetworking.m */,
				1641B8571FCD2F8600A46AFB /* RFNetworkManager.h */,
				1641B8581FCD2F8600A46AFB /* RFNetworkManager.m */,
				1641B85E1FCD424000A46AFB /* RFNetworkTask.h */,
				1641B85F1FCD424000A46AFB /* RFNetworkTask.m */,
				167F4E4E1FE7D7820020C394 /* UIViewController+CRFNetworking.h */,
				167F4E4F1FE7D7820020C394 /* UIViewController+CRFNetworking.m */,
				16FB95691FF3B3B6002866C9 /* CRFTokenUtil.h */,
				16FB956A1FF3B3B6002866C9 /* CRFTokenUtil.m */,
				16FB956C1FF3B5CB002866C9 /* CRFTokenModel.h */,
				16FB956D1FF3B5CB002866C9 /* CRFTokenModel.m */,
				16FB95661FF33E3A002866C9 /* CRFClientInfo.h */,
				16FB95671FF33E3A002866C9 /* CRFClientInfo.m */,
			);
			path = networking;
			sourceTree = "<group>";
		};
		16D1F10B20440EA100A51709 /* notify */ = {
			isa = PBXGroup;
			children = (
				16D1F10C20440EA100A51709 /* NotificationService.h */,
				16D1F10D20440EA100A51709 /* NotificationService.m */,
				16D1F10F20440EA100A51709 /* Info.plist */,
			);
			path = notify;
			sourceTree = "<group>";
		};
		16FB953A1FF10E73002866C9 /* Category */ = {
			isa = PBXGroup;
			children = (
				162AD98B201583BF0020B15B /* UIColor+RT.h */,
				162AD98C201583BF0020B15B /* UIColor+RT.m */,
				162AD98A201583BE0020B15B /* UIFont+RT.h */,
				162AD98D201583BF0020B15B /* UIFont+RT.m */,
				16FB953B1FF10E93002866C9 /* UIView+RFCorner.h */,
				16FB953C1FF10E93002866C9 /* UIView+RFCorner.m */,
				16FB953E1FF11165002866C9 /* UIView+RFLayout.h */,
				16FB953F1FF11165002866C9 /* UIView+RFLayout.m */,
			);
			path = Category;
			sourceTree = "<group>";
		};
		16FB95581FF231D3002866C9 /* YogaKit */ = {
			isa = PBXGroup;
			children = (
				16FB95591FF231D3002866C9 /* UIView+Yoga.h */,
				16FB955A1FF231D3002866C9 /* UIView+Yoga.m */,
				16FB955B1FF231D3002866C9 /* YGLayout+Private.h */,
				16FB955C1FF231D3002866C9 /* YGLayout.h */,
				16FB955D1FF231D3002866C9 /* YGLayout.m */,
			);
			path = YogaKit;
			sourceTree = "<group>";
		};
		16FB95601FF232AA002866C9 /* Examples */ = {
			isa = PBXGroup;
			children = (
				16FB956F1FF5E946002866C9 /* Controllers */,
				16FB95741FF5E946002866C9 /* Views */,
			);
			path = Examples;
			sourceTree = "<group>";
		};
		16FB956F1FF5E946002866C9 /* Controllers */ = {
			isa = PBXGroup;
			children = (
				16FB95701FF5E946002866C9 /* NetworkExampleViewController.h */,
				16FB95711FF5E946002866C9 /* NetworkExampleViewController.m */,
				16FB95721FF5E946002866C9 /* TakeScreenShotViewController.h */,
				16FB95731FF5E946002866C9 /* TakeScreenShotViewController.m */,
				188744151FFB52A200558889 /* FlexBoxViewController.h */,
				188744161FFB52A200558889 /* FlexBoxViewController.m */,
				162AD990201584030020B15B /* CollectionViewExampleViewController.h */,
				162AD991201584030020B15B /* CollectionViewExampleViewController.m */,
				DB6689A72050207700497BAF /* DCollectionViewController.h */,
				DB6689A82050207700497BAF /* DCollectionViewController.m */,

			);
			path = Controllers;
			sourceTree = "<group>";
		};
		16FB95741FF5E946002866C9 /* Views */ = {
			isa = PBXGroup;
			children = (
				16FB95771FF5E96E002866C9 /* RIFScreenShotActionView.h */,
				16FB95781FF5E96E002866C9 /* RIFScreenShotActionView.m */,
				162AD993201584330020B15B /* AJKPeopleTagCell.h */,
				162AD994201584330020B15B /* AJKPeopleTagCell.m */,
				162AD996201584B30020B15B /* AJKSubregionEvaluationCell.h */,
				162AD997201584B30020B15B /* AJKSubregionEvaluationCell.m */,
				DB71705220502C4E00B194E2 /* DCollectionViewCell.h */,
				DB71705320502C4E00B194E2 /* DCollectionViewCell.m */,
			);
			path = Views;
			sourceTree = "<group>";
		};
		1828CE441FFC766D004646E8 /* Utils */ = {
			isa = PBXGroup;
			children = (
				168A0DE02015C0680020A8C0 /* AIFMasonryMacro.h */,
				168A0DE12015C0680020A8C0 /* AIFMasonryMacro.m */,
				1828CE451FFC7682004646E8 /* RFScreen.h */,
				1828CE461FFC7682004646E8 /* RFScreen.m */,
			);
			path = Utils;
			sourceTree = "<group>";
		};
		18B5CAEA1EC73869008BBA18 = {
			isa = PBXGroup;
			children = (
				16D1F0F42043EC6C00A51709 /* demo.entitlements */,
				16FB95601FF232AA002866C9 /* Examples */,
				16FB95581FF231D3002866C9 /* YogaKit */,
				16FB953A1FF10E73002866C9 /* Category */,
				18B5CAF51EC73869008BBA18 /* Demo */,
				1641B8521FCD0DB000A46AFB /* networking */,
				1828CE441FFC766D004646E8 /* Utils */,
				16D1F10B20440EA100A51709 /* notify */,
				18B5CAF41EC73869008BBA18 /* Products */,
				9814EE4487A0E5A7379C0C07 /* Pods */,
				617B2CDD7251719EFD74A6B0 /* Frameworks */,
			);
			sourceTree = "<group>";
		};
		18B5CAF41EC73869008BBA18 /* Products */ = {
			isa = PBXGroup;
			children = (
				18B5CAF31EC73869008BBA18 /* demo.app */,
				16D1F10A20440EA100A51709 /* notify.appex */,
			);
			name = Products;
			sourceTree = "<group>";
		};
		18B5CAF51EC73869008BBA18 /* Demo */ = {
			isa = PBXGroup;
			children = (
				18B5CAF91EC73869008BBA18 /* AppDelegate.h */,
				18B5CAFA1EC73869008BBA18 /* AppDelegate.m */,
				164D38971FCFDB9E00C886CF /* RFTableModel.h */,
				164D38981FCFDB9E00C886CF /* RFTableModel.m */,
				164D38911FCFD3AB00C886CF /* RFTableViewController.h */,
				164D38921FCFD3AB00C886CF /* RFTableViewController.m */,
				164D389A1FD0276A00C886CF /* UIWindow+FLEX.h */,
				164D389B1FD0276A00C886CF /* UIWindow+FLEX.m */,
				18B5CB021EC73869008BBA18 /* Assets.xcassets */,
				18B5CB071EC73869008BBA18 /* Info.plist */,
				18B5CAF61EC73869008BBA18 /* Supporting Files */,
			);
			path = Demo;
			sourceTree = "<group>";
		};
		18B5CAF61EC73869008BBA18 /* Supporting Files */ = {
			isa = PBXGroup;
			children = (
				16FB95641FF2418B002866C9 /* example.jpg */,
				18B5CAF71EC73869008BBA18 /* main.m */,
				164D388A1FCFD23B00C886CF /* demo-pch.h */,
			);
			name = "Supporting Files";
			sourceTree = "<group>";
		};
		617B2CDD7251719EFD74A6B0 /* Frameworks */ = {
			isa = PBXGroup;
			children = (
				26C78FAC7D2F65CF3AC4FA31 /* Pods_demo.framework */,
			);
			name = Frameworks;
			sourceTree = "<group>";
		};
		9814EE4487A0E5A7379C0C07 /* Pods */ = {
			isa = PBXGroup;
			children = (
				EB862823D1EF326D5E0EF047 /* Pods-demo.debug.xcconfig */,
				3942A1DDF1D68C508C870464 /* Pods-demo.release.xcconfig */,
			);
			name = Pods;
			sourceTree = "<group>";
		};
/* End PBXGroup section */

/* Begin PBXNativeTarget section */
		16D1F10920440EA100A51709 /* notify */ = {
			isa = PBXNativeTarget;
			buildConfigurationList = 16D1F11320440EA100A51709 /* Build configuration list for PBXNativeTarget "notify" */;
			buildPhases = (
				16D1F10620440EA100A51709 /* Sources */,
				16D1F10720440EA100A51709 /* Frameworks */,
				16D1F10820440EA100A51709 /* Resources */,
			);
			buildRules = (
			);
			dependencies = (
			);
			name = notify;
			productName = notify;
			productReference = 16D1F10A20440EA100A51709 /* notify.appex */;
			productType = "com.apple.product-type.app-extension";
		};
		18B5CAF21EC73869008BBA18 /* demo */ = {
			isa = PBXNativeTarget;
			buildConfigurationList = 18B5CB0A1EC73869008BBA18 /* Build configuration list for PBXNativeTarget "demo" */;
			buildPhases = (
				56794ACF60B4697D0D1FC1CC /* [CP] Check Pods Manifest.lock */,
				18B5CAEF1EC73869008BBA18 /* Sources */,
				18B5CAF01EC73869008BBA18 /* Frameworks */,
				18B5CAF11EC73869008BBA18 /* Resources */,
				4C5A5723D7B09FC21DA1DA3E /* [CP] Embed Pods Frameworks */,
				FF61384837373A9D47F70054 /* [CP] Copy Pods Resources */,
				16D1F1052043EEE000A51709 /* Embed App Extensions */,
			);
			buildRules = (
			);
			dependencies = (
				16D1F11120440EA100A51709 /* PBXTargetDependency */,
			);
			name = demo;
			productName = demo;
			productReference = 18B5CAF31EC73869008BBA18 /* demo.app */;
			productType = "com.apple.product-type.application";
		};
/* End PBXNativeTarget section */

/* Begin PBXProject section */
		18B5CAEB1EC73869008BBA18 /* Project object */ = {
			isa = PBXProject;
			attributes = {
				LastUpgradeCheck = 0730;
				ORGANIZATIONNAME = Zen;
				TargetAttributes = {
					16D1F10920440EA100A51709 = {
						CreatedOnToolsVersion = 9.1;
						DevelopmentTeam = PXRM6WVFC5;
						ProvisioningStyle = Automatic;
					};
					18B5CAF21EC73869008BBA18 = {
						CreatedOnToolsVersion = 7.3.1;
						DevelopmentTeam = PXRM6WVFC5;
						ProvisioningStyle = Manual;
						SystemCapabilities = {
							com.apple.BackgroundModes = {
								enabled = 1;
							};
							com.apple.Keychain = {
								enabled = 0;
							};
							com.apple.Push = {
								enabled = 1;
							};
						};
					};
				};
			};
			buildConfigurationList = 18B5CAEE1EC73869008BBA18 /* Build configuration list for PBXProject "demo" */;
			compatibilityVersion = "Xcode 3.2";
			developmentRegion = English;
			hasScannedForEncodings = 0;
			knownRegions = (
				en,
				Base,
			);
			mainGroup = 18B5CAEA1EC73869008BBA18;
			productRefGroup = 18B5CAF41EC73869008BBA18 /* Products */;
			projectDirPath = "";
			projectRoot = "";
			targets = (
				18B5CAF21EC73869008BBA18 /* demo */,
				16D1F10920440EA100A51709 /* notify */,
			);
		};
/* End PBXProject section */

/* Begin PBXResourcesBuildPhase section */
		16D1F10820440EA100A51709 /* Resources */ = {
			isa = PBXResourcesBuildPhase;
			buildActionMask = 2147483647;
			files = (
			);
			runOnlyForDeploymentPostprocessing = 0;
		};
		18B5CAF11EC73869008BBA18 /* Resources */ = {
			isa = PBXResourcesBuildPhase;
			buildActionMask = 2147483647;
			files = (
				16FB95651FF2418C002866C9 /* example.jpg in Resources */,
				18B5CB031EC73869008BBA18 /* Assets.xcassets in Resources */,
			);
			runOnlyForDeploymentPostprocessing = 0;
		};
/* End PBXResourcesBuildPhase section */

/* Begin PBXShellScriptBuildPhase section */
		4C5A5723D7B09FC21DA1DA3E /* [CP] Embed Pods Frameworks */ = {
			isa = PBXShellScriptBuildPhase;
			buildActionMask = 2147483647;
			files = (
			);
			inputPaths = (
				"${SRCROOT}/Pods/Target Support Files/Pods-demo/Pods-demo-frameworks.sh",
				"${BUILT_PRODUCTS_DIR}/AFNetworking/AFNetworking.framework",
				"${BUILT_PRODUCTS_DIR}/FLEX/FLEX.framework",
				"${BUILT_PRODUCTS_DIR}/Masonry/Masonry.framework",
				"${BUILT_PRODUCTS_DIR}/RFFoundation/RFFoundation.framework",
				"${BUILT_PRODUCTS_DIR}/RFTypeface/RFTypeface.framework",
				"${BUILT_PRODUCTS_DIR}/SDWebImage/SDWebImage.framework",
				"${BUILT_PRODUCTS_DIR}/YYModel/YYModel.framework",
				"${BUILT_PRODUCTS_DIR}/Yoga/yoga.framework",
			);
			name = "[CP] Embed Pods Frameworks";
			outputPaths = (
				"${TARGET_BUILD_DIR}/${FRAMEWORKS_FOLDER_PATH}/AFNetworking.framework",
				"${TARGET_BUILD_DIR}/${FRAMEWORKS_FOLDER_PATH}/FLEX.framework",
				"${TARGET_BUILD_DIR}/${FRAMEWORKS_FOLDER_PATH}/Masonry.framework",
				"${TARGET_BUILD_DIR}/${FRAMEWORKS_FOLDER_PATH}/RFFoundation.framework",
				"${TARGET_BUILD_DIR}/${FRAMEWORKS_FOLDER_PATH}/RFTypeface.framework",
				"${TARGET_BUILD_DIR}/${FRAMEWORKS_FOLDER_PATH}/SDWebImage.framework",
				"${TARGET_BUILD_DIR}/${FRAMEWORKS_FOLDER_PATH}/YYModel.framework",
				"${TARGET_BUILD_DIR}/${FRAMEWORKS_FOLDER_PATH}/yoga.framework",
			);
			runOnlyForDeploymentPostprocessing = 0;
			shellPath = /bin/sh;
			shellScript = "\"${SRCROOT}/Pods/Target Support Files/Pods-demo/Pods-demo-frameworks.sh\"\n";
			showEnvVarsInLog = 0;
		};
		56794ACF60B4697D0D1FC1CC /* [CP] Check Pods Manifest.lock */ = {
			isa = PBXShellScriptBuildPhase;
			buildActionMask = 2147483647;
			files = (
			);
			inputPaths = (
				"${PODS_PODFILE_DIR_PATH}/Podfile.lock",
				"${PODS_ROOT}/Manifest.lock",
			);
			name = "[CP] Check Pods Manifest.lock";
			outputPaths = (
				"$(DERIVED_FILE_DIR)/Pods-demo-checkManifestLockResult.txt",
			);
			runOnlyForDeploymentPostprocessing = 0;
			shellPath = /bin/sh;
			shellScript = "diff \"${PODS_PODFILE_DIR_PATH}/Podfile.lock\" \"${PODS_ROOT}/Manifest.lock\" > /dev/null\nif [ $? != 0 ] ; then\n    # print error to STDERR\n    echo \"error: The sandbox is not in sync with the Podfile.lock. Run 'pod install' or update your CocoaPods installation.\" >&2\n    exit 1\nfi\n# This output is used by Xcode 'outputs' to avoid re-running this script phase.\necho \"SUCCESS\" > \"${SCRIPT_OUTPUT_FILE_0}\"\n";
			showEnvVarsInLog = 0;
		};
		FF61384837373A9D47F70054 /* [CP] Copy Pods Resources */ = {
			isa = PBXShellScriptBuildPhase;
			buildActionMask = 2147483647;
			files = (
			);
			inputPaths = (
			);
			name = "[CP] Copy Pods Resources";
			outputPaths = (
			);
			runOnlyForDeploymentPostprocessing = 0;
			shellPath = /bin/sh;
			shellScript = "\"${SRCROOT}/Pods/Target Support Files/Pods-demo/Pods-demo-resources.sh\"\n";
			showEnvVarsInLog = 0;
		};
/* End PBXShellScriptBuildPhase section */

/* Begin PBXSourcesBuildPhase section */
		16D1F10620440EA100A51709 /* Sources */ = {
			isa = PBXSourcesBuildPhase;
			buildActionMask = 2147483647;
			files = (
				16D1F10E20440EA100A51709 /* NotificationService.m in Sources */,
			);
			runOnlyForDeploymentPostprocessing = 0;
		};
		18B5CAEF1EC73869008BBA18 /* Sources */ = {
			isa = PBXSourcesBuildPhase;
			buildActionMask = 2147483647;
			files = (
				16FB955F1FF231D3002866C9 /* YGLayout.m in Sources */,
				16FB955E1FF231D3002866C9 /* UIView+Yoga.m in Sources */,
				16FB956B1FF3B3B6002866C9 /* CRFTokenUtil.m in Sources */,
				164D38991FCFDB9E00C886CF /* RFTableModel.m in Sources */,
				16FB95791FF5E96E002866C9 /* RIFScreenShotActionView.m in Sources */,
				1641B8591FCD2F8600A46AFB /* RFNetworkManager.m in Sources */,
				164D38931FCFD3AB00C886CF /* RFTableViewController.m in Sources */,
				162AD98E201583BF0020B15B /* UIColor+RT.m in Sources */,
				18B5CAFB1EC73869008BBA18 /* AppDelegate.m in Sources */,
				162AD998201584B30020B15B /* AJKSubregionEvaluationCell.m in Sources */,
				16FB953D1FF10E93002866C9 /* UIView+RFCorner.m in Sources */,
				164D389C1FD0276A00C886CF /* UIWindow+FLEX.m in Sources */,
				16FB956E1FF3B5CB002866C9 /* CRFTokenModel.m in Sources */,
				1641B85D1FCD40FB00A46AFB /* NSString+RFNetworking.m in Sources */,
				16FB95761FF5E946002866C9 /* TakeScreenShotViewController.m in Sources */,
				162AD98F201583BF0020B15B /* UIFont+RT.m in Sources */,
				162AD995201584330020B15B /* AJKPeopleTagCell.m in Sources */,
				1828CE471FFC7682004646E8 /* RFScreen.m in Sources */,
				188744171FFB52A200558889 /* FlexBoxViewController.m in Sources */,
				16FB95751FF5E946002866C9 /* NetworkExampleViewController.m in Sources */,
				162AD992201584030020B15B /* CollectionViewExampleViewController.m in Sources */,
				16FB95681FF33E3A002866C9 /* CRFClientInfo.m in Sources */,
				167F4E501FE7D7820020C394 /* UIViewController+CRFNetworking.m in Sources */,
				168A0DE22015C0680020A8C0 /* AIFMasonryMacro.m in Sources */,
				18B5CAF81EC73869008BBA18 /* main.m in Sources */,
				1641B8601FCD424000A46AFB /* RFNetworkTask.m in Sources */,
				DB71705420502C4E00B194E2 /* DCollectionViewCell.m in Sources */,
				16FB95401FF11165002866C9 /* UIView+RFLayout.m in Sources */,
				DB6689A92050207700497BAF /* DCollectionViewController.m in Sources */,
			);
			runOnlyForDeploymentPostprocessing = 0;
		};
/* End PBXSourcesBuildPhase section */

/* Begin PBXTargetDependency section */
		16D1F11120440EA100A51709 /* PBXTargetDependency */ = {
			isa = PBXTargetDependency;
			target = 16D1F10920440EA100A51709 /* notify */;
			targetProxy = 16D1F11020440EA100A51709 /* PBXContainerItemProxy */;
		};
/* End PBXTargetDependency section */

/* Begin XCBuildConfiguration section */
		16D1F11420440EA100A51709 /* Debug */ = {
			isa = XCBuildConfiguration;
			buildSettings = {
				CLANG_ANALYZER_NUMBER_OBJECT_CONVERSION = YES_AGGRESSIVE;
				CLANG_CXX_LANGUAGE_STANDARD = "gnu++14";
				CLANG_WARN_BLOCK_CAPTURE_AUTORELEASING = YES;
				CLANG_WARN_COMMA = YES;
				CLANG_WARN_DOCUMENTATION_COMMENTS = YES;
				CLANG_WARN_INFINITE_RECURSION = YES;
				CLANG_WARN_NON_LITERAL_NULL_CONVERSION = YES;
				CLANG_WARN_OBJC_LITERAL_CONVERSION = YES;
				CLANG_WARN_RANGE_LOOP_ANALYSIS = YES;
				CLANG_WARN_STRICT_PROTOTYPES = YES;
				CLANG_WARN_SUSPICIOUS_MOVE = YES;
				CLANG_WARN_UNGUARDED_AVAILABILITY = YES_AGGRESSIVE;
				CODE_SIGN_IDENTITY = "iPhone Developer";
				"CODE_SIGN_IDENTITY[sdk=iphoneos*]" = "iPhone Developer";
				CODE_SIGN_STYLE = Automatic;
				DEVELOPMENT_TEAM = PXRM6WVFC5;
				GCC_C_LANGUAGE_STANDARD = gnu11;
				INFOPLIST_FILE = notify/Info.plist;
				IPHONEOS_DEPLOYMENT_TARGET = 10.0;
				LD_RUNPATH_SEARCH_PATHS = "$(inherited) @executable_path/Frameworks @executable_path/../../Frameworks";
				PRODUCT_BUNDLE_IDENTIFIER = me.roger.demo.notify;
				PRODUCT_NAME = "$(TARGET_NAME)";
				SKIP_INSTALL = YES;
				TARGETED_DEVICE_FAMILY = "1,2";
			};
			name = Debug;
		};
		16D1F11520440EA100A51709 /* Release */ = {
			isa = XCBuildConfiguration;
			buildSettings = {
				CLANG_ANALYZER_NUMBER_OBJECT_CONVERSION = YES_AGGRESSIVE;
				CLANG_CXX_LANGUAGE_STANDARD = "gnu++14";
				CLANG_WARN_BLOCK_CAPTURE_AUTORELEASING = YES;
				CLANG_WARN_COMMA = YES;
				CLANG_WARN_DOCUMENTATION_COMMENTS = YES;
				CLANG_WARN_INFINITE_RECURSION = YES;
				CLANG_WARN_NON_LITERAL_NULL_CONVERSION = YES;
				CLANG_WARN_OBJC_LITERAL_CONVERSION = YES;
				CLANG_WARN_RANGE_LOOP_ANALYSIS = YES;
				CLANG_WARN_STRICT_PROTOTYPES = YES;
				CLANG_WARN_SUSPICIOUS_MOVE = YES;
				CLANG_WARN_UNGUARDED_AVAILABILITY = YES_AGGRESSIVE;
				CODE_SIGN_IDENTITY = "iPhone Developer";
				"CODE_SIGN_IDENTITY[sdk=iphoneos*]" = "iPhone Developer";
				CODE_SIGN_STYLE = Automatic;
				DEVELOPMENT_TEAM = "";
				GCC_C_LANGUAGE_STANDARD = gnu11;
				INFOPLIST_FILE = notify/Info.plist;
				IPHONEOS_DEPLOYMENT_TARGET = 10.0;
				LD_RUNPATH_SEARCH_PATHS = "$(inherited) @executable_path/Frameworks @executable_path/../../Frameworks";
				PRODUCT_BUNDLE_IDENTIFIER = me.roger.demo.notify;
				PRODUCT_NAME = "$(TARGET_NAME)";
				SKIP_INSTALL = YES;
				TARGETED_DEVICE_FAMILY = "1,2";
			};
			name = Release;
		};
		18B5CB081EC73869008BBA18 /* Debug */ = {
			isa = XCBuildConfiguration;
			buildSettings = {
				ALWAYS_SEARCH_USER_PATHS = NO;
				CLANG_ANALYZER_NONNULL = YES;
				CLANG_CXX_LANGUAGE_STANDARD = "gnu++0x";
				CLANG_CXX_LIBRARY = "libc++";
				CLANG_ENABLE_MODULES = YES;
				CLANG_ENABLE_OBJC_ARC = YES;
				CLANG_WARN_BOOL_CONVERSION = YES;
				CLANG_WARN_CONSTANT_CONVERSION = YES;
				CLANG_WARN_DIRECT_OBJC_ISA_USAGE = YES_ERROR;
				CLANG_WARN_EMPTY_BODY = YES;
				CLANG_WARN_ENUM_CONVERSION = YES;
				CLANG_WARN_INT_CONVERSION = YES;
				CLANG_WARN_OBJC_ROOT_CLASS = YES_ERROR;
				CLANG_WARN_UNREACHABLE_CODE = YES;
				CLANG_WARN__DUPLICATE_METHOD_MATCH = YES;
				"CODE_SIGN_IDENTITY[sdk=iphoneos*]" = "iPhone Developer";
				COPY_PHASE_STRIP = NO;
				DEBUG_INFORMATION_FORMAT = dwarf;
				ENABLE_STRICT_OBJC_MSGSEND = YES;
				ENABLE_TESTABILITY = YES;
				GCC_C_LANGUAGE_STANDARD = gnu99;
				GCC_DYNAMIC_NO_PIC = NO;
				GCC_NO_COMMON_BLOCKS = YES;
				GCC_OPTIMIZATION_LEVEL = 0;
				GCC_PREPROCESSOR_DEFINITIONS = (
					"DEBUG=1",
					"$(inherited)",
				);
				GCC_WARN_64_TO_32_BIT_CONVERSION = YES;
				GCC_WARN_ABOUT_RETURN_TYPE = YES_ERROR;
				GCC_WARN_UNDECLARED_SELECTOR = YES;
				GCC_WARN_UNINITIALIZED_AUTOS = YES_AGGRESSIVE;
				GCC_WARN_UNUSED_FUNCTION = YES;
				GCC_WARN_UNUSED_VARIABLE = YES;
				IPHONEOS_DEPLOYMENT_TARGET = 10.0;
				MTL_ENABLE_DEBUG_INFO = YES;
				ONLY_ACTIVE_ARCH = YES;
				SDKROOT = iphoneos;
				TARGETED_DEVICE_FAMILY = "1,2";
			};
			name = Debug;
		};
		18B5CB091EC73869008BBA18 /* Release */ = {
			isa = XCBuildConfiguration;
			buildSettings = {
				ALWAYS_SEARCH_USER_PATHS = NO;
				CLANG_ANALYZER_NONNULL = YES;
				CLANG_CXX_LANGUAGE_STANDARD = "gnu++0x";
				CLANG_CXX_LIBRARY = "libc++";
				CLANG_ENABLE_MODULES = YES;
				CLANG_ENABLE_OBJC_ARC = YES;
				CLANG_WARN_BOOL_CONVERSION = YES;
				CLANG_WARN_CONSTANT_CONVERSION = YES;
				CLANG_WARN_DIRECT_OBJC_ISA_USAGE = YES_ERROR;
				CLANG_WARN_EMPTY_BODY = YES;
				CLANG_WARN_ENUM_CONVERSION = YES;
				CLANG_WARN_INT_CONVERSION = YES;
				CLANG_WARN_OBJC_ROOT_CLASS = YES_ERROR;
				CLANG_WARN_UNREACHABLE_CODE = YES;
				CLANG_WARN__DUPLICATE_METHOD_MATCH = YES;
				"CODE_SIGN_IDENTITY[sdk=iphoneos*]" = "iPhone Developer";
				COPY_PHASE_STRIP = NO;
				DEBUG_INFORMATION_FORMAT = "dwarf-with-dsym";
				ENABLE_NS_ASSERTIONS = NO;
				ENABLE_STRICT_OBJC_MSGSEND = YES;
				GCC_C_LANGUAGE_STANDARD = gnu99;
				GCC_NO_COMMON_BLOCKS = YES;
				GCC_WARN_64_TO_32_BIT_CONVERSION = YES;
				GCC_WARN_ABOUT_RETURN_TYPE = YES_ERROR;
				GCC_WARN_UNDECLARED_SELECTOR = YES;
				GCC_WARN_UNINITIALIZED_AUTOS = YES_AGGRESSIVE;
				GCC_WARN_UNUSED_FUNCTION = YES;
				GCC_WARN_UNUSED_VARIABLE = YES;
				IPHONEOS_DEPLOYMENT_TARGET = 10.0;
				MTL_ENABLE_DEBUG_INFO = NO;
				SDKROOT = iphoneos;
				TARGETED_DEVICE_FAMILY = "1,2";
				VALIDATE_PRODUCT = YES;
			};
			name = Release;
		};
		18B5CB0B1EC73869008BBA18 /* Debug */ = {
			isa = XCBuildConfiguration;
			baseConfigurationReference = EB862823D1EF326D5E0EF047 /* Pods-demo.debug.xcconfig */;
			buildSettings = {
				ASSETCATALOG_COMPILER_APPICON_NAME = AppIcon;
				ASSETCATALOG_COMPILER_LAUNCHIMAGE_NAME = LaunchImage;
				CODE_SIGN_ENTITLEMENTS = demo/demo.entitlements;
				CODE_SIGN_IDENTITY = "iPhone Developer";
				"CODE_SIGN_IDENTITY[sdk=iphoneos*]" = "iPhone Developer";
				CODE_SIGN_STYLE = Manual;
				DEVELOPMENT_TEAM = PXRM6WVFC5;
				ENABLE_BITCODE = NO;
				GCC_PRECOMPILE_PREFIX_HEADER = YES;
				GCC_PREFIX_HEADER = "demo/demo-pch.h";
				INFOPLIST_FILE = demo/Info.plist;
				LD_RUNPATH_SEARCH_PATHS = "$(inherited) @executable_path/Frameworks";
				PRODUCT_BUNDLE_IDENTIFIER = me.roger.demo;
				PRODUCT_NAME = "$(TARGET_NAME)";
				PROVISIONING_PROFILE = "e146bf98-c0d3-4eae-a613-d411fcb35244";
				PROVISIONING_PROFILE_SPECIFIER = Demo;
			};
			name = Debug;
		};
		18B5CB0C1EC73869008BBA18 /* Release */ = {
			isa = XCBuildConfiguration;
			baseConfigurationReference = 3942A1DDF1D68C508C870464 /* Pods-demo.release.xcconfig */;
			buildSettings = {
				ASSETCATALOG_COMPILER_APPICON_NAME = AppIcon;
				ASSETCATALOG_COMPILER_LAUNCHIMAGE_NAME = LaunchImage;
				CODE_SIGN_ENTITLEMENTS = demo/demo.entitlements;
				CODE_SIGN_IDENTITY = "iPhone Developer";
				"CODE_SIGN_IDENTITY[sdk=iphoneos*]" = "iPhone Developer";
				CODE_SIGN_STYLE = Manual;
				DEVELOPMENT_TEAM = "";
				ENABLE_BITCODE = NO;
				GCC_PRECOMPILE_PREFIX_HEADER = YES;
				GCC_PREFIX_HEADER = "demo/demo-pch.h";
				INFOPLIST_FILE = demo/Info.plist;
				LD_RUNPATH_SEARCH_PATHS = "$(inherited) @executable_path/Frameworks";
				PRODUCT_BUNDLE_IDENTIFIER = me.roger.demo;
				PRODUCT_NAME = "$(TARGET_NAME)";
				PROVISIONING_PROFILE = "";
				PROVISIONING_PROFILE_SPECIFIER = "";
			};
			name = Release;
		};
/* End XCBuildConfiguration section */

/* Begin XCConfigurationList section */
		16D1F11320440EA100A51709 /* Build configuration list for PBXNativeTarget "notify" */ = {
			isa = XCConfigurationList;
			buildConfigurations = (
				16D1F11420440EA100A51709 /* Debug */,
				16D1F11520440EA100A51709 /* Release */,
			);
			defaultConfigurationIsVisible = 0;
			defaultConfigurationName = Release;
		};
		18B5CAEE1EC73869008BBA18 /* Build configuration list for PBXProject "demo" */ = {
			isa = XCConfigurationList;
			buildConfigurations = (
				18B5CB081EC73869008BBA18 /* Debug */,
				18B5CB091EC73869008BBA18 /* Release */,
			);
			defaultConfigurationIsVisible = 0;
			defaultConfigurationName = Release;
		};
		18B5CB0A1EC73869008BBA18 /* Build configuration list for PBXNativeTarget "demo" */ = {
			isa = XCConfigurationList;
			buildConfigurations = (
				18B5CB0B1EC73869008BBA18 /* Debug */,
				18B5CB0C1EC73869008BBA18 /* Release */,
			);
			defaultConfigurationIsVisible = 0;
			defaultConfigurationName = Release;
		};
/* End XCConfigurationList section */
	};
	rootObject = 18B5CAEB1EC73869008BBA18 /* Project object */;
}
